
Microsoft Visual Studio Solution File, Format Version 12.00
# Visual Studio 14
VisualStudioVersion = 14.0.25420.1
MinimumVisualStudioVersion = 10.0.40219.1
Project("{FAE04EC0-301F-11D3-BF4B-00C04F79EFBC}") = "KMeans", "KMeans\KMeans.csproj", "{5AC21998-FADD-4F4D-A6D9-65B0F5652796}"
EndProject
Project("{FAE04EC0-301F-11D3-BF4B-00C04F79EFBC}") = "Dijkstra", "Dijkstra\Dijkstra.csproj", "{51727F89-A50C-464E-8E9F-419191F6FB8B}"
EndProject
Project("{FAE04EC0-301F-11D3-BF4B-00C04F79EFBC}") = "Networking", "Networking\Networking.csproj", "{45ED2CED-75AA-421C-A929-9B7335A6C957}"
EndProject
Project("{FAE04EC0-301F-11D3-BF4B-00C04F79EFBC}") = "DatabaseORM", "DatabaseORM\DatabaseORM.csproj", "{8E31D3F5-BE71-4B01-B281-A4F49B1C8D22}"
EndProject
Project("{FAE04EC0-301F-11D3-BF4B-00C04F79EFBC}") = "CoordinatesOnCanvas", "CoordinatesOnCanvas\CoordinatesOnCanvas.csproj", "{4A7022D7-83BD-4641-A67B-6D005293D60D}"
EndProject
Project("{FAE04EC0-301F-11D3-BF4B-00C04F79EFBC}") = "AStar", "AStar\AStar.csproj", "{7FAE6748-0B7E-474E-8A7A-96D213F343C3}"
EndProject
Global
	GlobalSection(SolutionConfigurationPlatforms) = preSolution
		Debug|Any CPU = Debug|Any CPU
		Release|Any CPU = Release|Any CPU
	EndGlobalSection
	GlobalSection(ProjectConfigurationPlatforms) = postSolution
		{5AC21998-FADD-4F4D-A6D9-65B0F5652796}.Debug|Any CPU.ActiveCfg = Debug|Any CPU
		{5AC21998-FADD-4F4D-A6D9-65B0F5652796}.Debug|Any CPU.Build.0 = Debug|Any CPU
		{5AC21998-FADD-4F4D-A6D9-65B0F5652796}.Release|Any CPU.ActiveCfg = Release|Any CPU
		{5AC21998-FADD-4F4D-A6D9-65B0F5652796}.Release|Any CPU.Build.0 = Release|Any CPU
		{51727F89-A50C-464E-8E9F-419191F6FB8B}.Debug|Any CPU.ActiveCfg = Debug|Any CPU
		{51727F89-A50C-464E-8E9F-419191F6FB8B}.Debug|Any CPU.Build.0 = Debug|Any CPU
		{51727F89-A50C-464E-8E9F-419191F6FB8B}.Release|Any CPU.ActiveCfg = Release|Any CPU
		{51727F89-A50C-464E-8E9F-419191F6FB8B}.Release|Any CPU.Build.0 = Release|Any CPU
		{45ED2CED-75AA-421C-A929-9B7335A6C957}.Debug|Any CPU.ActiveCfg = Debug|Any CPU
		{45ED2CED-75AA-421C-A929-9B7335A6C957}.Debug|Any CPU.Build.0 = Debug|Any CPU
		{45ED2CED-75AA-421C-A929-9B7335A6C957}.Release|Any CPU.ActiveCfg = Release|Any CPU
		{45ED2CED-75AA-421C-A929-9B7335A6C957}.Release|Any CPU.Build.0 = Release|Any CPU
		{8E31D3F5-BE71-4B01-B281-A4F49B1C8D22}.Debug|Any CPU.ActiveCfg = Debug|Any CPU
		{8E31D3F5-BE71-4B01-B281-A4F49B1C8D22}.Debug|Any CPU.Build.0 = Debug|Any CPU
		{8E31D3F5-BE71-4B01-B281-A4F49B1C8D22}.Release|Any CPU.ActiveCfg = Release|Any CPU
		{8E31D3F5-BE71-4B01-B281-A4F49B1C8D22}.Release|Any CPU.Build.0 = Release|Any CPU
		{4A7022D7-83BD-4641-A67B-6D005293D60D}.Debug|Any CPU.ActiveCfg = Debug|Any CPU
		{4A7022D7-83BD-4641-A67B-6D005293D60D}.Debug|Any CPU.Build.0 = Debug|Any CPU
		{4A7022D7-83BD-4641-A67B-6D005293D60D}.Release|Any CPU.ActiveCfg = Release|Any CPU
		{4A7022D7-83BD-4641-A67B-6D005293D60D}.Release|Any CPU.Build.0 = Release|Any CPU
		{7FAE6748-0B7E-474E-8A7A-96D213F343C3}.Debug|Any CPU.ActiveCfg = Debug|Any CPU
		{7FAE6748-0B7E-474E-8A7A-96D213F343C3}.Debug|Any CPU.Build.0 = Debug|Any CPU
		{7FAE6748-0B7E-474E-8A7A-96D213F343C3}.Release|Any CPU.ActiveCfg = Release|Any CPU
		{7FAE6748-0B7E-474E-8A7A-96D213F343C3}.Release|Any CPU.Build.0 = Release|Any CPU
	EndGlobalSection
	GlobalSection(SolutionProperties) = preSolution
		HideSolutionNode = FALSE
	EndGlobalSection
EndGlobal
